# auto-generated by grc.converter

id: iio_attr_updater
label: IIO Attribute Updater
category: '[Industrial IO]'

parameters:
-   id: attr
    label: Attribute
    dtype: string
    default: '""'
-   id: value
    label: Value
    dtype: string
    default: '""'
-   id: interval
    label: Interval (ms)
    dtype: int
    default: '1'

outputs:
-   domain: message
    id: out

templates:
    imports: import iio
    make: iio.attr_updater(${attr}, ${value}, ${interval})
    callbacks:
    - set_value(${value})

file_format: 1
